
Microsoft Visual Studio Solution File, Format Version 12.00
# Visual Studio Version 16
VisualStudioVersion = 16.0.30615.102
MinimumVisualStudioVersion = 10.0.40219.1
Project("{9A19103F-16F7-4668-BE54-9A1E7A4F7556}") = "MessageBoxPositionManager", "MessageBoxPositionManager\MessageBoxPositionManager.csproj", "{DC924D33-BC64-4144-9CB7-DCDEAE5EA50C}"
EndProject
Project("{FAE04EC0-301F-11D3-BF4B-00C04F79EFBC}") = "MessageBoxPositionManager.Example.WindowsForms", "MessageBoxPositionManager.Example.WindowsForms\MessageBoxPositionManager.Example.WindowsForms.csproj", "{058450F7-B76C-4A9A-9D1C-5D9605765B4B}"
EndProject
Global
	GlobalSection(SolutionConfigurationPlatforms) = preSolution
		Debug|Any CPU = Debug|Any CPU
		Release|Any CPU = Release|Any CPU
	EndGlobalSection
	GlobalSection(ProjectConfigurationPlatforms) = postSolution
		{DC924D33-BC64-4144-9CB7-DCDEAE5EA50C}.Debug|Any CPU.ActiveCfg = Debug|Any CPU
		{DC924D33-BC64-4144-9CB7-DCDEAE5EA50C}.Debug|Any CPU.Build.0 = Debug|Any CPU
		{DC924D33-BC64-4144-9CB7-DCDEAE5EA50C}.Release|Any CPU.ActiveCfg = Release|Any CPU
		{DC924D33-BC64-4144-9CB7-DCDEAE5EA50C}.Release|Any CPU.Build.0 = Release|Any CPU
		{058450F7-B76C-4A9A-9D1C-5D9605765B4B}.Debug|Any CPU.ActiveCfg = Debug|Any CPU
		{058450F7-B76C-4A9A-9D1C-5D9605765B4B}.Debug|Any CPU.Build.0 = Debug|Any CPU
		{058450F7-B76C-4A9A-9D1C-5D9605765B4B}.Release|Any CPU.ActiveCfg = Release|Any CPU
		{058450F7-B76C-4A9A-9D1C-5D9605765B4B}.Release|Any CPU.Build.0 = Release|Any CPU
	EndGlobalSection
	GlobalSection(SolutionProperties) = preSolution
		HideSolutionNode = FALSE
	EndGlobalSection
	GlobalSection(ExtensibilityGlobals) = postSolution
		SolutionGuid = {21E69764-5456-429D-B128-896E84A67E0C}
	EndGlobalSection
EndGlobal
